// !$*UTF8*$!
{
	archiveVersion = 1;
	classes = {
	};
	objectVersion = 51;
	objects = {

/* Begin PBXBuildFile section */
		21200AFC5A801B8BC45E1AFD /* Pods_MathGameTests.framework in Frameworks */ = {isa = PBXBuildFile; fileRef = 2640706E19E331EF606885A5 /* Pods_MathGameTests.framework */; };
		461BB4A222E62DA7009EBD61 /* InitialVC.swift in Sources */ = {isa = PBXBuildFile; fileRef = 461BB4A122E62DA7009EBD61 /* InitialVC.swift */; };
		461BB4A522E62E76009EBD61 /* AppDaemon.swift in Sources */ = {isa = PBXBuildFile; fileRef = 461BB4A422E62E76009EBD61 /* AppDaemon.swift */; };
		461BB4A722E62F39009EBD61 /* CoreDataHelper.swift in Sources */ = {isa = PBXBuildFile; fileRef = 461BB4A622E62F39009EBD61 /* CoreDataHelper.swift */; };
		461BB4A922E633F5009EBD61 /* Storyboard.swift in Sources */ = {isa = PBXBuildFile; fileRef = 461BB4A822E633F5009EBD61 /* Storyboard.swift */; };
		461BB4AC22E6367F009EBD61 /* PinCircleView.swift in Sources */ = {isa = PBXBuildFile; fileRef = 461BB4AB22E6367F009EBD61 /* PinCircleView.swift */; };
		4630296622E63ADF00FB8C18 /* Constants.swift in Sources */ = {isa = PBXBuildFile; fileRef = 4630296522E63ADF00FB8C18 /* Constants.swift */; };
		4635276422E8AC6100ACFA5A /* RoundedButton.swift in Sources */ = {isa = PBXBuildFile; fileRef = 4635276322E8AC6100ACFA5A /* RoundedButton.swift */; };
		4635276622E8AEAB00ACFA5A /* StudentsVM.swift in Sources */ = {isa = PBXBuildFile; fileRef = 4635276522E8AEAB00ACFA5A /* StudentsVM.swift */; };
		4635276B22E8B1CE00ACFA5A /* StudentCellTVC.swift in Sources */ = {isa = PBXBuildFile; fileRef = 4635276922E8B1CE00ACFA5A /* StudentCellTVC.swift */; };
		4635276C22E8B1CE00ACFA5A /* StudentCellTVC.xib in Resources */ = {isa = PBXBuildFile; fileRef = 4635276A22E8B1CE00ACFA5A /* StudentCellTVC.xib */; };
		4635276E22E8B81B00ACFA5A /* StudentDetailVC.swift in Sources */ = {isa = PBXBuildFile; fileRef = 4635276D22E8B81B00ACFA5A /* StudentDetailVC.swift */; };
		4635277022E8B83600ACFA5A /* StudentDetailVM.swift in Sources */ = {isa = PBXBuildFile; fileRef = 4635276F22E8B83600ACFA5A /* StudentDetailVM.swift */; };
		4635277222E8BA3900ACFA5A /* StudentsNVC.swift in Sources */ = {isa = PBXBuildFile; fileRef = 4635277122E8BA3900ACFA5A /* StudentsNVC.swift */; };
		46517E6622FD3D770025D665 /* TimedMultiplying.swift in Sources */ = {isa = PBXBuildFile; fileRef = 46517E6522FD3D770025D665 /* TimedMultiplying.swift */; };
		46517E6922FD7CB80025D665 /* TimedMultiplyingTVC.swift in Sources */ = {isa = PBXBuildFile; fileRef = 46517E6722FD7CB80025D665 /* TimedMultiplyingTVC.swift */; };
		46517E6A22FD7CB80025D665 /* TimedMultiplyingTVC.xib in Resources */ = {isa = PBXBuildFile; fileRef = 46517E6822FD7CB80025D665 /* TimedMultiplyingTVC.xib */; };
		466355E722F1281D0020FDEA /* GenericGameOne.swift in Sources */ = {isa = PBXBuildFile; fileRef = 466355E622F1281D0020FDEA /* GenericGameOne.swift */; };
		466355EA22F128F80020FDEA /* HalvesVM.swift in Sources */ = {isa = PBXBuildFile; fileRef = 466355E922F128F80020FDEA /* HalvesVM.swift */; };
		466355EC22F132BA0020FDEA /* HalvesResultsVC.swift in Sources */ = {isa = PBXBuildFile; fileRef = 466355EB22F132BA0020FDEA /* HalvesResultsVC.swift */; };
		466355EE22F136000020FDEA /* HalvesResultsVM.swift in Sources */ = {isa = PBXBuildFile; fileRef = 466355ED22F136000020FDEA /* HalvesResultsVM.swift */; };
		469189B922E7358B0083B092 /* InitialVM.swift in Sources */ = {isa = PBXBuildFile; fileRef = 469189B822E7358B0083B092 /* InitialVM.swift */; };
		4697FC1322ED9FB5007EBAA6 /* GamesVC.swift in Sources */ = {isa = PBXBuildFile; fileRef = 4697FC1222ED9FB5007EBAA6 /* GamesVC.swift */; };
		4697FC1622EDA090007EBAA6 /* GamesVM.swift in Sources */ = {isa = PBXBuildFile; fileRef = 4697FC1522EDA090007EBAA6 /* GamesVM.swift */; };
		4697FC1922EDA28D007EBAA6 /* GameTVC.swift in Sources */ = {isa = PBXBuildFile; fileRef = 4697FC1722EDA28D007EBAA6 /* GameTVC.swift */; };
		4697FC1A22EDA28D007EBAA6 /* GameTVC.xib in Resources */ = {isa = PBXBuildFile; fileRef = 4697FC1822EDA28D007EBAA6 /* GameTVC.xib */; };
		4697FC1C22EDA32B007EBAA6 /* Game.swift in Sources */ = {isa = PBXBuildFile; fileRef = 4697FC1B22EDA32B007EBAA6 /* Game.swift */; };
		4697FC1E22EDAA81007EBAA6 /* SelectModeView.swift in Sources */ = {isa = PBXBuildFile; fileRef = 4697FC1D22EDAA81007EBAA6 /* SelectModeView.swift */; };
		4697FC2022EDAB04007EBAA6 /* SelectModeView.xib in Resources */ = {isa = PBXBuildFile; fileRef = 4697FC1F22EDAB04007EBAA6 /* SelectModeView.xib */; };
		4697FC2222EDAECF007EBAA6 /* LearningButton.swift in Sources */ = {isa = PBXBuildFile; fileRef = 4697FC2122EDAECF007EBAA6 /* LearningButton.swift */; };
		4697FC2422EDAEE5007EBAA6 /* TrainingButton.swift in Sources */ = {isa = PBXBuildFile; fileRef = 4697FC2322EDAEE5007EBAA6 /* TrainingButton.swift */; };
		4697FC2622EDAEEE007EBAA6 /* QuizButton.swift in Sources */ = {isa = PBXBuildFile; fileRef = 4697FC2522EDAEEE007EBAA6 /* QuizButton.swift */; };
		4697FC2922EDB7C5007EBAA6 /* NumbersBondVC.swift in Sources */ = {isa = PBXBuildFile; fileRef = 4697FC2822EDB7C5007EBAA6 /* NumbersBondVC.swift */; };
		4697FC2C22EDB7F1007EBAA6 /* NumbersBondVM.swift in Sources */ = {isa = PBXBuildFile; fileRef = 4697FC2B22EDB7F1007EBAA6 /* NumbersBondVM.swift */; };
		4697FC2E22EDBD14007EBAA6 /* TimerView.swift in Sources */ = {isa = PBXBuildFile; fileRef = 4697FC2D22EDBD14007EBAA6 /* TimerView.swift */; };
		4697FC3022EDBD6F007EBAA6 /* TimerView.xib in Resources */ = {isa = PBXBuildFile; fileRef = 4697FC2F22EDBD6F007EBAA6 /* TimerView.xib */; };
		4697FC3222EDC06C007EBAA6 /* NumberKeyboard.xib in Resources */ = {isa = PBXBuildFile; fileRef = 4697FC3122EDC06C007EBAA6 /* NumberKeyboard.xib */; };
		4697FC3422EDC079007EBAA6 /* NumberKeyboard.swift in Sources */ = {isa = PBXBuildFile; fileRef = 4697FC3322EDC079007EBAA6 /* NumberKeyboard.swift */; };
		4697FC3622EDE288007EBAA6 /* NumberButton.swift in Sources */ = {isa = PBXBuildFile; fileRef = 4697FC3522EDE288007EBAA6 /* NumberButton.swift */; };
		4697FC3822EDEDDD007EBAA6 /* DeleteButton.swift in Sources */ = {isa = PBXBuildFile; fileRef = 4697FC3722EDEDDD007EBAA6 /* DeleteButton.swift */; };
		4697FC3A22EDEE16007EBAA6 /* EnterButton.swift in Sources */ = {isa = PBXBuildFile; fileRef = 4697FC3922EDEE16007EBAA6 /* EnterButton.swift */; };
		4697FC3C22EDF60D007EBAA6 /* NumberBondResultsVC.swift in Sources */ = {isa = PBXBuildFile; fileRef = 4697FC3B22EDF60D007EBAA6 /* NumberBondResultsVC.swift */; };
		4697FC3E22EDF715007EBAA6 /* NumberBondsResultsVM.swift in Sources */ = {isa = PBXBuildFile; fileRef = 4697FC3D22EDF715007EBAA6 /* NumberBondsResultsVM.swift */; };
		4697FC4322EDF831007EBAA6 /* NumberBondsResultTVC.swift in Sources */ = {isa = PBXBuildFile; fileRef = 4697FC4122EDF831007EBAA6 /* NumberBondsResultTVC.swift */; };
		4697FC4422EDF831007EBAA6 /* NumberBondsResultTVC.xib in Resources */ = {isa = PBXBuildFile; fileRef = 4697FC4222EDF831007EBAA6 /* NumberBondsResultTVC.xib */; };
		46A5D10222E8DA90008F86C7 /* SettingsVC.swift in Sources */ = {isa = PBXBuildFile; fileRef = 46A5D10122E8DA90008F86C7 /* SettingsVC.swift */; };
		46A5D10522E8DB16008F86C7 /* SettingsVM.swift in Sources */ = {isa = PBXBuildFile; fileRef = 46A5D10422E8DB16008F86C7 /* SettingsVM.swift */; };
		46A5D10822E8DC49008F86C7 /* SettingsTVC.swift in Sources */ = {isa = PBXBuildFile; fileRef = 46A5D10622E8DC49008F86C7 /* SettingsTVC.swift */; };
		46A5D10922E8DC49008F86C7 /* SettingsTVC.xib in Resources */ = {isa = PBXBuildFile; fileRef = 46A5D10722E8DC49008F86C7 /* SettingsTVC.xib */; };
		46A8F27F23071A5300473018 /* GameInfoVC.swift in Sources */ = {isa = PBXBuildFile; fileRef = 46A8F27E23071A5300473018 /* GameInfoVC.swift */; };
		46A8F28123071B3300473018 /* GameInfoVM.swift in Sources */ = {isa = PBXBuildFile; fileRef = 46A8F28023071B3300473018 /* GameInfoVM.swift */; };
		46BF7B0422E62C1D00FAA757 /* AppDelegate.swift in Sources */ = {isa = PBXBuildFile; fileRef = 46BF7B0322E62C1D00FAA757 /* AppDelegate.swift */; };
		46BF7B0622E62C1D00FAA757 /* StudentsVC.swift in Sources */ = {isa = PBXBuildFile; fileRef = 46BF7B0522E62C1D00FAA757 /* StudentsVC.swift */; };
		46BF7B0922E62C1D00FAA757 /* Main.storyboard in Resources */ = {isa = PBXBuildFile; fileRef = 46BF7B0722E62C1D00FAA757 /* Main.storyboard */; };
		46BF7B0C22E62C1D00FAA757 /* MathGame.xcdatamodeld in Sources */ = {isa = PBXBuildFile; fileRef = 46BF7B0A22E62C1D00FAA757 /* MathGame.xcdatamodeld */; };
		46BF7B0E22E62C1D00FAA757 /* Assets.xcassets in Resources */ = {isa = PBXBuildFile; fileRef = 46BF7B0D22E62C1D00FAA757 /* Assets.xcassets */; };
		46BF7B1122E62C1D00FAA757 /* LaunchScreen.storyboard in Resources */ = {isa = PBXBuildFile; fileRef = 46BF7B0F22E62C1D00FAA757 /* LaunchScreen.storyboard */; };
		46BF7B1C22E62C1D00FAA757 /* MathGameTests.swift in Sources */ = {isa = PBXBuildFile; fileRef = 46BF7B1B22E62C1D00FAA757 /* MathGameTests.swift */; };
		46BF7B2722E62C1D00FAA757 /* MathGameUITests.swift in Sources */ = {isa = PBXBuildFile; fileRef = 46BF7B2622E62C1D00FAA757 /* MathGameUITests.swift */; };
		46D3A95022F2079D00D16E11 /* HalvesResultTVC.swift in Sources */ = {isa = PBXBuildFile; fileRef = 46D3A94E22F2079D00D16E11 /* HalvesResultTVC.swift */; };
		46D3A95122F2079D00D16E11 /* HalvesResultTVC.xib in Resources */ = {isa = PBXBuildFile; fileRef = 46D3A94F22F2079D00D16E11 /* HalvesResultTVC.xib */; };
		46D3A95422F3E2ED00D16E11 /* BasicMathLogo.xib in Resources */ = {isa = PBXBuildFile; fileRef = 46D3A95322F3E2ED00D16E11 /* BasicMathLogo.xib */; };
		46D3A95622F3E2F600D16E11 /* BasicMathLogo.swift in Sources */ = {isa = PBXBuildFile; fileRef = 46D3A95522F3E2F600D16E11 /* BasicMathLogo.swift */; };
		46E3599222F4693E004B378D /* RectangleButton.swift in Sources */ = {isa = PBXBuildFile; fileRef = 46E3599122F4693E004B378D /* RectangleButton.swift */; };
		46EEEE7222EF659D006F0AFE /* Date.swift in Sources */ = {isa = PBXBuildFile; fileRef = 46EEEE7122EF659D006F0AFE /* Date.swift */; };
		46EEEE7622EF69A5006F0AFE /* StudentDataVC.swift in Sources */ = {isa = PBXBuildFile; fileRef = 46EEEE7522EF69A5006F0AFE /* StudentDataVC.swift */; };
		46EEEE7922EF6A96006F0AFE /* StudentDataVM.swift in Sources */ = {isa = PBXBuildFile; fileRef = 46EEEE7822EF6A96006F0AFE /* StudentDataVM.swift */; };
		46EEEE7C22EF6C56006F0AFE /* GameSessionTVC.swift in Sources */ = {isa = PBXBuildFile; fileRef = 46EEEE7A22EF6C56006F0AFE /* GameSessionTVC.swift */; };
		46EEEE7D22EF6C56006F0AFE /* GameSessionTVC.xib in Resources */ = {isa = PBXBuildFile; fileRef = 46EEEE7B22EF6C56006F0AFE /* GameSessionTVC.xib */; };
		A2D301E646383676B7266658 /* Pods_MathGameUITests.framework in Frameworks */ = {isa = PBXBuildFile; fileRef = 459D68600409B37CDBEE6FE9 /* Pods_MathGameUITests.framework */; };
		E3BE199230DC48397A4AA640 /* Pods_MathGame.framework in Frameworks */ = {isa = PBXBuildFile; fileRef = 25F5E987095EF90336FB1499 /* Pods_MathGame.framework */; };
/* End PBXBuildFile section */

/* Begin PBXContainerItemProxy section */
		46BF7B1822E62C1D00FAA757 /* PBXContainerItemProxy */ = {
			isa = PBXContainerItemProxy;
			containerPortal = 46BF7AF822E62C1D00FAA757 /* Project object */;
			proxyType = 1;
			remoteGlobalIDString = 46BF7AFF22E62C1D00FAA757;
			remoteInfo = MathGame;
		};
		46BF7B2322E62C1D00FAA757 /* PBXContainerItemProxy */ = {
			isa = PBXContainerItemProxy;
			containerPortal = 46BF7AF822E62C1D00FAA757 /* Project object */;
			proxyType = 1;
			remoteGlobalIDString = 46BF7AFF22E62C1D00FAA757;
			remoteInfo = MathGame;
		};
/* End PBXContainerItemProxy section */

/* Begin PBXFileReference section */
		012A366F83B695DB5DAB10A1 /* Pods-MathGame.release.xcconfig */ = {isa = PBXFileReference; includeInIndex = 1; lastKnownFileType = text.xcconfig; name = "Pods-MathGame.release.xcconfig"; path = "Target Support Files/Pods-MathGame/Pods-MathGame.release.xcconfig"; sourceTree = "<group>"; };
		1B6990978D92436FAC63C318 /* Pods-MathGameTests.debug.xcconfig */ = {isa = PBXFileReference; includeInIndex = 1; lastKnownFileType = text.xcconfig; name = "Pods-MathGameTests.debug.xcconfig"; path = "Target Support Files/Pods-MathGameTests/Pods-MathGameTests.debug.xcconfig"; sourceTree = "<group>"; };
		25F5E987095EF90336FB1499 /* Pods_MathGame.framework */ = {isa = PBXFileReference; explicitFileType = wrapper.framework; includeInIndex = 0; path = Pods_MathGame.framework; sourceTree = BUILT_PRODUCTS_DIR; };
		2640706E19E331EF606885A5 /* Pods_MathGameTests.framework */ = {isa = PBXFileReference; explicitFileType = wrapper.framework; includeInIndex = 0; path = Pods_MathGameTests.framework; sourceTree = BUILT_PRODUCTS_DIR; };
		3F48EA33CA4A9595DB321327 /* Pods-MathGameUITests.debug.xcconfig */ = {isa = PBXFileReference; includeInIndex = 1; lastKnownFileType = text.xcconfig; name = "Pods-MathGameUITests.debug.xcconfig"; path = "Target Support Files/Pods-MathGameUITests/Pods-MathGameUITests.debug.xcconfig"; sourceTree = "<group>"; };
		449C3D0F103A613572EA873E /* Pods-MathGameUITests.release.xcconfig */ = {isa = PBXFileReference; includeInIndex = 1; lastKnownFileType = text.xcconfig; name = "Pods-MathGameUITests.release.xcconfig"; path = "Target Support Files/Pods-MathGameUITests/Pods-MathGameUITests.release.xcconfig"; sourceTree = "<group>"; };
		459D68600409B37CDBEE6FE9 /* Pods_MathGameUITests.framework */ = {isa = PBXFileReference; explicitFileType = wrapper.framework; includeInIndex = 0; path = Pods_MathGameUITests.framework; sourceTree = BUILT_PRODUCTS_DIR; };
		461BB4A122E62DA7009EBD61 /* InitialVC.swift */ = {isa = PBXFileReference; lastKnownFileType = sourcecode.swift; path = InitialVC.swift; sourceTree = "<group>"; };
		461BB4A422E62E76009EBD61 /* AppDaemon.swift */ = {isa = PBXFileReference; lastKnownFileType = sourcecode.swift; path = AppDaemon.swift; sourceTree = "<group>"; };
		461BB4A622E62F39009EBD61 /* CoreDataHelper.swift */ = {isa = PBXFileReference; lastKnownFileType = sourcecode.swift; path = CoreDataHelper.swift; sourceTree = "<group>"; };
		461BB4A822E633F5009EBD61 /* Storyboard.swift */ = {isa = PBXFileReference; lastKnownFileType = sourcecode.swift; path = Storyboard.swift; sourceTree = "<group>"; };
		461BB4AB22E6367F009EBD61 /* PinCircleView.swift */ = {isa = PBXFileReference; lastKnownFileType = sourcecode.swift; path = PinCircleView.swift; sourceTree = "<group>"; };
		4630296522E63ADF00FB8C18 /* Constants.swift */ = {isa = PBXFileReference; lastKnownFileType = sourcecode.swift; path = Constants.swift; sourceTree = "<group>"; };
		4635276322E8AC6100ACFA5A /* RoundedButton.swift */ = {isa = PBXFileReference; lastKnownFileType = sourcecode.swift; path = RoundedButton.swift; sourceTree = "<group>"; };
		4635276522E8AEAB00ACFA5A /* StudentsVM.swift */ = {isa = PBXFileReference; lastKnownFileType = sourcecode.swift; path = StudentsVM.swift; sourceTree = "<group>"; };
		4635276922E8B1CE00ACFA5A /* StudentCellTVC.swift */ = {isa = PBXFileReference; lastKnownFileType = sourcecode.swift; path = StudentCellTVC.swift; sourceTree = "<group>"; };
		4635276A22E8B1CE00ACFA5A /* StudentCellTVC.xib */ = {isa = PBXFileReference; lastKnownFileType = file.xib; path = StudentCellTVC.xib; sourceTree = "<group>"; };
		4635276D22E8B81B00ACFA5A /* StudentDetailVC.swift */ = {isa = PBXFileReference; lastKnownFileType = sourcecode.swift; path = StudentDetailVC.swift; sourceTree = "<group>"; };
		4635276F22E8B83600ACFA5A /* StudentDetailVM.swift */ = {isa = PBXFileReference; lastKnownFileType = sourcecode.swift; path = StudentDetailVM.swift; sourceTree = "<group>"; };
		4635277122E8BA3900ACFA5A /* StudentsNVC.swift */ = {isa = PBXFileReference; lastKnownFileType = sourcecode.swift; path = StudentsNVC.swift; sourceTree = "<group>"; };
		46517E6522FD3D770025D665 /* TimedMultiplying.swift */ = {isa = PBXFileReference; lastKnownFileType = sourcecode.swift; path = TimedMultiplying.swift; sourceTree = "<group>"; };
		46517E6722FD7CB80025D665 /* TimedMultiplyingTVC.swift */ = {isa = PBXFileReference; lastKnownFileType = sourcecode.swift; path = TimedMultiplyingTVC.swift; sourceTree = "<group>"; };
		46517E6822FD7CB80025D665 /* TimedMultiplyingTVC.xib */ = {isa = PBXFileReference; lastKnownFileType = file.xib; path = TimedMultiplyingTVC.xib; sourceTree = "<group>"; };
		466355E622F1281D0020FDEA /* GenericGameOne.swift */ = {isa = PBXFileReference; lastKnownFileType = sourcecode.swift; path = GenericGameOne.swift; sourceTree = "<group>"; };
		466355E922F128F80020FDEA /* HalvesVM.swift */ = {isa = PBXFileReference; lastKnownFileType = sourcecode.swift; path = HalvesVM.swift; sourceTree = "<group>"; };
		466355EB22F132BA0020FDEA /* HalvesResultsVC.swift */ = {isa = PBXFileReference; lastKnownFileType = sourcecode.swift; path = HalvesResultsVC.swift; sourceTree = "<group>"; };
		466355ED22F136000020FDEA /* HalvesResultsVM.swift */ = {isa = PBXFileReference; lastKnownFileType = sourcecode.swift; path = HalvesResultsVM.swift; sourceTree = "<group>"; };
		469189B822E7358B0083B092 /* InitialVM.swift */ = {isa = PBXFileReference; lastKnownFileType = sourcecode.swift; path = InitialVM.swift; sourceTree = "<group>"; };
		4697FC1222ED9FB5007EBAA6 /* GamesVC.swift */ = {isa = PBXFileReference; lastKnownFileType = sourcecode.swift; path = GamesVC.swift; sourceTree = "<group>"; };
		4697FC1522EDA090007EBAA6 /* GamesVM.swift */ = {isa = PBXFileReference; lastKnownFileType = sourcecode.swift; path = GamesVM.swift; sourceTree = "<group>"; };
		4697FC1722EDA28D007EBAA6 /* GameTVC.swift */ = {isa = PBXFileReference; lastKnownFileType = sourcecode.swift; path = GameTVC.swift; sourceTree = "<group>"; };
		4697FC1822EDA28D007EBAA6 /* GameTVC.xib */ = {isa = PBXFileReference; lastKnownFileType = file.xib; path = GameTVC.xib; sourceTree = "<group>"; };
		4697FC1B22EDA32B007EBAA6 /* Game.swift */ = {isa = PBXFileReference; lastKnownFileType = sourcecode.swift; path = Game.swift; sourceTree = "<group>"; };
		4697FC1D22EDAA81007EBAA6 /* SelectModeView.swift */ = {isa = PBXFileReference; lastKnownFileType = sourcecode.swift; path = SelectModeView.swift; sourceTree = "<group>"; };
		4697FC1F22EDAB04007EBAA6 /* SelectModeView.xib */ = {isa = PBXFileReference; lastKnownFileType = file.xib; path = SelectModeView.xib; sourceTree = "<group>"; };
		4697FC2122EDAECF007EBAA6 /* LearningButton.swift */ = {isa = PBXFileReference; lastKnownFileType = sourcecode.swift; path = LearningButton.swift; sourceTree = "<group>"; };
		4697FC2322EDAEE5007EBAA6 /* TrainingButton.swift */ = {isa = PBXFileReference; lastKnownFileType = sourcecode.swift; path = TrainingButton.swift; sourceTree = "<group>"; };
		4697FC2522EDAEEE007EBAA6 /* QuizButton.swift */ = {isa = PBXFileReference; lastKnownFileType = sourcecode.swift; path = QuizButton.swift; sourceTree = "<group>"; };
		4697FC2822EDB7C5007EBAA6 /* NumbersBondVC.swift */ = {isa = PBXFileReference; lastKnownFileType = sourcecode.swift; path = NumbersBondVC.swift; sourceTree = "<group>"; };
		4697FC2B22EDB7F1007EBAA6 /* NumbersBondVM.swift */ = {isa = PBXFileReference; lastKnownFileType = sourcecode.swift; path = NumbersBondVM.swift; sourceTree = "<group>"; };
		4697FC2D22EDBD14007EBAA6 /* TimerView.swift */ = {isa = PBXFileReference; lastKnownFileType = sourcecode.swift; path = TimerView.swift; sourceTree = "<group>"; };
		4697FC2F22EDBD6F007EBAA6 /* TimerView.xib */ = {isa = PBXFileReference; lastKnownFileType = file.xib; path = TimerView.xib; sourceTree = "<group>"; };
		4697FC3122EDC06C007EBAA6 /* NumberKeyboard.xib */ = {isa = PBXFileReference; lastKnownFileType = file.xib; path = NumberKeyboard.xib; sourceTree = "<group>"; };
		4697FC3322EDC079007EBAA6 /* NumberKeyboard.swift */ = {isa = PBXFileReference; lastKnownFileType = sourcecode.swift; path = NumberKeyboard.swift; sourceTree = "<group>"; };
		4697FC3522EDE288007EBAA6 /* NumberButton.swift */ = {isa = PBXFileReference; lastKnownFileType = sourcecode.swift; path = NumberButton.swift; sourceTree = "<group>"; };
		4697FC3722EDEDDD007EBAA6 /* DeleteButton.swift */ = {isa = PBXFileReference; lastKnownFileType = sourcecode.swift; path = DeleteButton.swift; sourceTree = "<group>"; };
		4697FC3922EDEE16007EBAA6 /* EnterButton.swift */ = {isa = PBXFileReference; lastKnownFileType = sourcecode.swift; path = EnterButton.swift; sourceTree = "<group>"; };
		4697FC3B22EDF60D007EBAA6 /* NumberBondResultsVC.swift */ = {isa = PBXFileReference; lastKnownFileType = sourcecode.swift; path = NumberBondResultsVC.swift; sourceTree = "<group>"; };
		4697FC3D22EDF715007EBAA6 /* NumberBondsResultsVM.swift */ = {isa = PBXFileReference; lastKnownFileType = sourcecode.swift; path = NumberBondsResultsVM.swift; sourceTree = "<group>"; };
		4697FC4122EDF831007EBAA6 /* NumberBondsResultTVC.swift */ = {isa = PBXFileReference; lastKnownFileType = sourcecode.swift; path = NumberBondsResultTVC.swift; sourceTree = "<group>"; };
		4697FC4222EDF831007EBAA6 /* NumberBondsResultTVC.xib */ = {isa = PBXFileReference; lastKnownFileType = file.xib; path = NumberBondsResultTVC.xib; sourceTree = "<group>"; };
		46A5D10122E8DA90008F86C7 /* SettingsVC.swift */ = {isa = PBXFileReference; lastKnownFileType = sourcecode.swift; path = SettingsVC.swift; sourceTree = "<group>"; };
		46A5D10422E8DB16008F86C7 /* SettingsVM.swift */ = {isa = PBXFileReference; lastKnownFileType = sourcecode.swift; path = SettingsVM.swift; sourceTree = "<group>"; };
		46A5D10622E8DC49008F86C7 /* SettingsTVC.swift */ = {isa = PBXFileReference; lastKnownFileType = sourcecode.swift; path = SettingsTVC.swift; sourceTree = "<group>"; };
		46A5D10722E8DC49008F86C7 /* SettingsTVC.xib */ = {isa = PBXFileReference; lastKnownFileType = file.xib; path = SettingsTVC.xib; sourceTree = "<group>"; };
		46A8F27E23071A5300473018 /* GameInfoVC.swift */ = {isa = PBXFileReference; lastKnownFileType = sourcecode.swift; path = GameInfoVC.swift; sourceTree = "<group>"; };
		46A8F28023071B3300473018 /* GameInfoVM.swift */ = {isa = PBXFileReference; lastKnownFileType = sourcecode.swift; path = GameInfoVM.swift; sourceTree = "<group>"; };
		46BF7B0022E62C1D00FAA757 /* MathGame.app */ = {isa = PBXFileReference; explicitFileType = wrapper.application; includeInIndex = 0; path = MathGame.app; sourceTree = BUILT_PRODUCTS_DIR; };
		46BF7B0322E62C1D00FAA757 /* AppDelegate.swift */ = {isa = PBXFileReference; lastKnownFileType = sourcecode.swift; path = AppDelegate.swift; sourceTree = "<group>"; };
		46BF7B0522E62C1D00FAA757 /* StudentsVC.swift */ = {isa = PBXFileReference; lastKnownFileType = sourcecode.swift; path = StudentsVC.swift; sourceTree = "<group>"; };
		46BF7B0822E62C1D00FAA757 /* Base */ = {isa = PBXFileReference; lastKnownFileType = file.storyboard; name = Base; path = Base.lproj/Main.storyboard; sourceTree = "<group>"; };
		46BF7B0B22E62C1D00FAA757 /* MathGame.xcdatamodel */ = {isa = PBXFileReference; lastKnownFileType = wrapper.xcdatamodel; path = MathGame.xcdatamodel; sourceTree = "<group>"; };
		46BF7B0D22E62C1D00FAA757 /* Assets.xcassets */ = {isa = PBXFileReference; lastKnownFileType = folder.assetcatalog; path = Assets.xcassets; sourceTree = "<group>"; };
		46BF7B1022E62C1D00FAA757 /* Base */ = {isa = PBXFileReference; lastKnownFileType = file.storyboard; name = Base; path = Base.lproj/LaunchScreen.storyboard; sourceTree = "<group>"; };
		46BF7B1222E62C1D00FAA757 /* Info.plist */ = {isa = PBXFileReference; lastKnownFileType = text.plist.xml; path = Info.plist; sourceTree = "<group>"; };
		46BF7B1722E62C1D00FAA757 /* MathGameTests.xctest */ = {isa = PBXFileReference; explicitFileType = wrapper.cfbundle; includeInIndex = 0; path = MathGameTests.xctest; sourceTree = BUILT_PRODUCTS_DIR; };
		46BF7B1B22E62C1D00FAA757 /* MathGameTests.swift */ = {isa = PBXFileReference; lastKnownFileType = sourcecode.swift; path = MathGameTests.swift; sourceTree = "<group>"; };
		46BF7B1D22E62C1D00FAA757 /* Info.plist */ = {isa = PBXFileReference; lastKnownFileType = text.plist.xml; path = Info.plist; sourceTree = "<group>"; };
		46BF7B2222E62C1D00FAA757 /* MathGameUITests.xctest */ = {isa = PBXFileReference; explicitFileType = wrapper.cfbundle; includeInIndex = 0; path = MathGameUITests.xctest; sourceTree = BUILT_PRODUCTS_DIR; };
		46BF7B2622E62C1D00FAA757 /* MathGameUITests.swift */ = {isa = PBXFileReference; lastKnownFileType = sourcecode.swift; path = MathGameUITests.swift; sourceTree = "<group>"; };
		46BF7B2822E62C1D00FAA757 /* Info.plist */ = {isa = PBXFileReference; lastKnownFileType = text.plist.xml; path = Info.plist; sourceTree = "<group>"; };
		46D3A94E22F2079D00D16E11 /* HalvesResultTVC.swift */ = {isa = PBXFileReference; lastKnownFileType = sourcecode.swift; path = HalvesResultTVC.swift; sourceTree = "<group>"; };
		46D3A94F22F2079D00D16E11 /* HalvesResultTVC.xib */ = {isa = PBXFileReference; lastKnownFileType = file.xib; path = HalvesResultTVC.xib; sourceTree = "<group>"; };
		46D3A95322F3E2ED00D16E11 /* BasicMathLogo.xib */ = {isa = PBXFileReference; lastKnownFileType = file.xib; path = BasicMathLogo.xib; sourceTree = "<group>"; };
		46D3A95522F3E2F600D16E11 /* BasicMathLogo.swift */ = {isa = PBXFileReference; lastKnownFileType = sourcecode.swift; path = BasicMathLogo.swift; sourceTree = "<group>"; };
		46E3599122F4693E004B378D /* RectangleButton.swift */ = {isa = PBXFileReference; lastKnownFileType = sourcecode.swift; path = RectangleButton.swift; sourceTree = "<group>"; };
		46EEEE7122EF659D006F0AFE /* Date.swift */ = {isa = PBXFileReference; lastKnownFileType = sourcecode.swift; path = Date.swift; sourceTree = "<group>"; };
		46EEEE7522EF69A5006F0AFE /* StudentDataVC.swift */ = {isa = PBXFileReference; lastKnownFileType = sourcecode.swift; path = StudentDataVC.swift; sourceTree = "<group>"; };
		46EEEE7822EF6A96006F0AFE /* StudentDataVM.swift */ = {isa = PBXFileReference; lastKnownFileType = sourcecode.swift; path = StudentDataVM.swift; sourceTree = "<group>"; };
		46EEEE7A22EF6C56006F0AFE /* GameSessionTVC.swift */ = {isa = PBXFileReference; lastKnownFileType = sourcecode.swift; path = GameSessionTVC.swift; sourceTree = "<group>"; };
		46EEEE7B22EF6C56006F0AFE /* GameSessionTVC.xib */ = {isa = PBXFileReference; lastKnownFileType = file.xib; path = GameSessionTVC.xib; sourceTree = "<group>"; };
		6CB835ACC583769AD1E77E16 /* Pods-MathGame.debug.xcconfig */ = {isa = PBXFileReference; includeInIndex = 1; lastKnownFileType = text.xcconfig; name = "Pods-MathGame.debug.xcconfig"; path = "Target Support Files/Pods-MathGame/Pods-MathGame.debug.xcconfig"; sourceTree = "<group>"; };
		D091CA94C7C55D1641C9791F /* Pods-MathGameTests.release.xcconfig */ = {isa = PBXFileReference; includeInIndex = 1; lastKnownFileType = text.xcconfig; name = "Pods-MathGameTests.release.xcconfig"; path = "Target Support Files/Pods-MathGameTests/Pods-MathGameTests.release.xcconfig"; sourceTree = "<group>"; };
/* End PBXFileReference section */

/* Begin PBXFrameworksBuildPhase section */
		46BF7AFD22E62C1D00FAA757 /* Frameworks */ = {
			isa = PBXFrameworksBuildPhase;
			buildActionMask = 2147483647;
			files = (
				E3BE199230DC48397A4AA640 /* Pods_MathGame.framework in Frameworks */,
			);
			runOnlyForDeploymentPostprocessing = 0;
		};
		46BF7B1422E62C1D00FAA757 /* Frameworks */ = {
			isa = PBXFrameworksBuildPhase;
			buildActionMask = 2147483647;
			files = (
				21200AFC5A801B8BC45E1AFD /* Pods_MathGameTests.framework in Frameworks */,
			);
			runOnlyForDeploymentPostprocessing = 0;
		};
		46BF7B1F22E62C1D00FAA757 /* Frameworks */ = {
			isa = PBXFrameworksBuildPhase;
			buildActionMask = 2147483647;
			files = (
				A2D301E646383676B7266658 /* Pods_MathGameUITests.framework in Frameworks */,
			);
			runOnlyForDeploymentPostprocessing = 0;
		};
/* End PBXFrameworksBuildPhase section */

/* Begin PBXGroup section */
		461BB49D22E62C62009EBD61 /* Model */ = {
			isa = PBXGroup;
			children = (
				4697FC1B22EDA32B007EBAA6 /* Game.swift */,
				46517E6522FD3D770025D665 /* TimedMultiplying.swift */,
			);
			path = Model;
			sourceTree = "<group>";
		};
		461BB49E22E62C66009EBD61 /* View */ = {
			isa = PBXGroup;
			children = (
				4697FC1122ED9F9E007EBAA6 /* Games */,
				4635277322E8D47400ACFA5A /* Settings */,
				461BB4AA22E6366B009EBD61 /* Components */,
				4635276822E8AEB600ACFA5A /* Students */,
				461BB4A022E62D88009EBD61 /* Initial */,
				46BF7B0722E62C1D00FAA757 /* Main.storyboard */,
				46BF7B0F22E62C1D00FAA757 /* LaunchScreen.storyboard */,
			);
			path = View;
			sourceTree = "<group>";
		};
		461BB49F22E62C6B009EBD61 /* ViewModel */ = {
			isa = PBXGroup;
			children = (
				4697FC1422EDA086007EBAA6 /* Games */,
				46A5D10322E8DB0D008F86C7 /* Settings */,
				469189B622E7357A0083B092 /* Initial */,
				4635276722E8AEAF00ACFA5A /* Students */,
				46A8F28023071B3300473018 /* GameInfoVM.swift */,
			);
			path = ViewModel;
			sourceTree = "<group>";
		};
		461BB4A022E62D88009EBD61 /* Initial */ = {
			isa = PBXGroup;
			children = (
				461BB4A122E62DA7009EBD61 /* InitialVC.swift */,
			);
			path = Initial;
			sourceTree = "<group>";
		};
		461BB4A322E62E6B009EBD61 /* Core */ = {
			isa = PBXGroup;
			children = (
				461BB4A422E62E76009EBD61 /* AppDaemon.swift */,
				4630296522E63ADF00FB8C18 /* Constants.swift */,
				461BB4A622E62F39009EBD61 /* CoreDataHelper.swift */,
				461BB4A822E633F5009EBD61 /* Storyboard.swift */,
				46EEEE7322EF65A1006F0AFE /* Extensions */,
			);
			path = Core;
			sourceTree = "<group>";
		};
		461BB4AA22E6366B009EBD61 /* Components */ = {
			isa = PBXGroup;
			children = (
				461BB4AB22E6367F009EBD61 /* PinCircleView.swift */,
				4635276322E8AC6100ACFA5A /* RoundedButton.swift */,
				4697FC2122EDAECF007EBAA6 /* LearningButton.swift */,
				4697FC2322EDAEE5007EBAA6 /* TrainingButton.swift */,
				4697FC2522EDAEEE007EBAA6 /* QuizButton.swift */,
				4697FC2D22EDBD14007EBAA6 /* TimerView.swift */,
				4697FC2F22EDBD6F007EBAA6 /* TimerView.xib */,
				4697FC3322EDC079007EBAA6 /* NumberKeyboard.swift */,
				4697FC3122EDC06C007EBAA6 /* NumberKeyboard.xib */,
				4697FC3522EDE288007EBAA6 /* NumberButton.swift */,
				4697FC3722EDEDDD007EBAA6 /* DeleteButton.swift */,
				4697FC3922EDEE16007EBAA6 /* EnterButton.swift */,
				46D3A95322F3E2ED00D16E11 /* BasicMathLogo.xib */,
				46D3A95522F3E2F600D16E11 /* BasicMathLogo.swift */,
				46E3599122F4693E004B378D /* RectangleButton.swift */,
			);
			path = Components;
			sourceTree = "<group>";
		};
		4635276722E8AEAF00ACFA5A /* Students */ = {
			isa = PBXGroup;
			children = (
				4635276522E8AEAB00ACFA5A /* StudentsVM.swift */,
				4635276F22E8B83600ACFA5A /* StudentDetailVM.swift */,
			);
			path = Students;
			sourceTree = "<group>";
		};
		4635276822E8AEB600ACFA5A /* Students */ = {
			isa = PBXGroup;
			children = (
				46BF7B0522E62C1D00FAA757 /* StudentsVC.swift */,
				4635276922E8B1CE00ACFA5A /* StudentCellTVC.swift */,
				4635276A22E8B1CE00ACFA5A /* StudentCellTVC.xib */,
				4635276D22E8B81B00ACFA5A /* StudentDetailVC.swift */,
				4635277122E8BA3900ACFA5A /* StudentsNVC.swift */,
			);
			path = Students;
			sourceTree = "<group>";
		};
		4635277322E8D47400ACFA5A /* Settings */ = {
			isa = PBXGroup;
			children = (
				46EEEE7422EF698F006F0AFE /* StudentData */,
				46A5D10122E8DA90008F86C7 /* SettingsVC.swift */,
				46A5D10622E8DC49008F86C7 /* SettingsTVC.swift */,
				46A5D10722E8DC49008F86C7 /* SettingsTVC.xib */,
			);
			path = Settings;
			sourceTree = "<group>";
		};
		466355E522F127F80020FDEA /* Halves */ = {
			isa = PBXGroup;
			children = (
				466355E622F1281D0020FDEA /* GenericGameOne.swift */,
				466355EB22F132BA0020FDEA /* HalvesResultsVC.swift */,
				46D3A94E22F2079D00D16E11 /* HalvesResultTVC.swift */,
				46D3A94F22F2079D00D16E11 /* HalvesResultTVC.xib */,
				46517E6722FD7CB80025D665 /* TimedMultiplyingTVC.swift */,
				46517E6822FD7CB80025D665 /* TimedMultiplyingTVC.xib */,
			);
			path = Halves;
			sourceTree = "<group>";
		};
		466355E822F128EE0020FDEA /* Halves */ = {
			isa = PBXGroup;
			children = (
				466355E922F128F80020FDEA /* HalvesVM.swift */,
				466355ED22F136000020FDEA /* HalvesResultsVM.swift */,
			);
			path = Halves;
			sourceTree = "<group>";
		};
		469189B622E7357A0083B092 /* Initial */ = {
			isa = PBXGroup;
			children = (
				469189B822E7358B0083B092 /* InitialVM.swift */,
			);
			path = Initial;
			sourceTree = "<group>";
		};
		4697FC1122ED9F9E007EBAA6 /* Games */ = {
			isa = PBXGroup;
			children = (
				46D3A95222F20A8E00D16E11 /* Doubles */,
				466355E522F127F80020FDEA /* Halves */,
				4697FC2722EDB7A0007EBAA6 /* NumbersBond */,
				4697FC1222ED9FB5007EBAA6 /* GamesVC.swift */,
				4697FC1722EDA28D007EBAA6 /* GameTVC.swift */,
				4697FC1822EDA28D007EBAA6 /* GameTVC.xib */,
				4697FC1D22EDAA81007EBAA6 /* SelectModeView.swift */,
				4697FC1F22EDAB04007EBAA6 /* SelectModeView.xib */,
				46A8F27E23071A5300473018 /* GameInfoVC.swift */,
			);
			path = Games;
			sourceTree = "<group>";
		};
		4697FC1422EDA086007EBAA6 /* Games */ = {
			isa = PBXGroup;
			children = (
				466355E822F128EE0020FDEA /* Halves */,
				4697FC2A22EDB7E4007EBAA6 /* NumbersBond */,
				4697FC1522EDA090007EBAA6 /* GamesVM.swift */,
			);
			path = Games;
			sourceTree = "<group>";
		};
		4697FC2722EDB7A0007EBAA6 /* NumbersBond */ = {
			isa = PBXGroup;
			children = (
				4697FC2822EDB7C5007EBAA6 /* NumbersBondVC.swift */,
				4697FC3B22EDF60D007EBAA6 /* NumberBondResultsVC.swift */,
				4697FC4122EDF831007EBAA6 /* NumberBondsResultTVC.swift */,
				4697FC4222EDF831007EBAA6 /* NumberBondsResultTVC.xib */,
			);
			path = NumbersBond;
			sourceTree = "<group>";
		};
		4697FC2A22EDB7E4007EBAA6 /* NumbersBond */ = {
			isa = PBXGroup;
			children = (
				4697FC2B22EDB7F1007EBAA6 /* NumbersBondVM.swift */,
				4697FC3D22EDF715007EBAA6 /* NumberBondsResultsVM.swift */,
			);
			path = NumbersBond;
			sourceTree = "<group>";
		};
		46A5D10322E8DB0D008F86C7 /* Settings */ = {
			isa = PBXGroup;
			children = (
				46EEEE7722EF6A85006F0AFE /* StudentData */,
				46A5D10422E8DB16008F86C7 /* SettingsVM.swift */,
			);
			path = Settings;
			sourceTree = "<group>";
		};
		46BF7AF722E62C1D00FAA757 = {
			isa = PBXGroup;
			children = (
				46BF7B0222E62C1D00FAA757 /* MathGame */,
				46BF7B1A22E62C1D00FAA757 /* MathGameTests */,
				46BF7B2522E62C1D00FAA757 /* MathGameUITests */,
				46BF7B0122E62C1D00FAA757 /* Products */,
				9A5F5C51A64200EC29A7F488 /* Pods */,
				890AFFBFBB48225C94D62531 /* Frameworks */,
			);
			sourceTree = "<group>";
		};
		46BF7B0122E62C1D00FAA757 /* Products */ = {
			isa = PBXGroup;
			children = (
				46BF7B0022E62C1D00FAA757 /* MathGame.app */,
				46BF7B1722E62C1D00FAA757 /* MathGameTests.xctest */,
				46BF7B2222E62C1D00FAA757 /* MathGameUITests.xctest */,
			);
			name = Products;
			sourceTree = "<group>";
		};
		46BF7B0222E62C1D00FAA757 /* MathGame */ = {
			isa = PBXGroup;
			children = (
				46BF7B0322E62C1D00FAA757 /* AppDelegate.swift */,
				461BB4A322E62E6B009EBD61 /* Core */,
				461BB49D22E62C62009EBD61 /* Model */,
				461BB49E22E62C66009EBD61 /* View */,
				461BB49F22E62C6B009EBD61 /* ViewModel */,
				46BF7B0D22E62C1D00FAA757 /* Assets.xcassets */,
				46BF7B1222E62C1D00FAA757 /* Info.plist */,
				46BF7B0A22E62C1D00FAA757 /* MathGame.xcdatamodeld */,
			);
			path = MathGame;
			sourceTree = "<group>";
		};
		46BF7B1A22E62C1D00FAA757 /* MathGameTests */ = {
			isa = PBXGroup;
			children = (
				46BF7B1B22E62C1D00FAA757 /* MathGameTests.swift */,
				46BF7B1D22E62C1D00FAA757 /* Info.plist */,
			);
			path = MathGameTests;
			sourceTree = "<group>";
		};
		46BF7B2522E62C1D00FAA757 /* MathGameUITests */ = {
			isa = PBXGroup;
			children = (
				46BF7B2622E62C1D00FAA757 /* MathGameUITests.swift */,
				46BF7B2822E62C1D00FAA757 /* Info.plist */,
			);
			path = MathGameUITests;
			sourceTree = "<group>";
		};
		46D3A95222F20A8E00D16E11 /* Doubles */ = {
			isa = PBXGroup;
			children = (
			);
			path = Doubles;
			sourceTree = "<group>";
		};
		46EEEE7322EF65A1006F0AFE /* Extensions */ = {
			isa = PBXGroup;
			children = (
				46EEEE7122EF659D006F0AFE /* Date.swift */,
			);
			path = Extensions;
			sourceTree = "<group>";
		};
		46EEEE7422EF698F006F0AFE /* StudentData */ = {
			isa = PBXGroup;
			children = (
				46EEEE7522EF69A5006F0AFE /* StudentDataVC.swift */,
			);
			path = StudentData;
			sourceTree = "<group>";
		};
		46EEEE7722EF6A85006F0AFE /* StudentData */ = {
			isa = PBXGroup;
			children = (
				46EEEE7822EF6A96006F0AFE /* StudentDataVM.swift */,
				46EEEE7A22EF6C56006F0AFE /* GameSessionTVC.swift */,
				46EEEE7B22EF6C56006F0AFE /* GameSessionTVC.xib */,
			);
			path = StudentData;
			sourceTree = "<group>";
		};
		890AFFBFBB48225C94D62531 /* Frameworks */ = {
			isa = PBXGroup;
			children = (
				25F5E987095EF90336FB1499 /* Pods_MathGame.framework */,
				2640706E19E331EF606885A5 /* Pods_MathGameTests.framework */,
				459D68600409B37CDBEE6FE9 /* Pods_MathGameUITests.framework */,
			);
			name = Frameworks;
			sourceTree = "<group>";
		};
		9A5F5C51A64200EC29A7F488 /* Pods */ = {
			isa = PBXGroup;
			children = (
				6CB835ACC583769AD1E77E16 /* Pods-MathGame.debug.xcconfig */,
				012A366F83B695DB5DAB10A1 /* Pods-MathGame.release.xcconfig */,
				1B6990978D92436FAC63C318 /* Pods-MathGameTests.debug.xcconfig */,
				D091CA94C7C55D1641C9791F /* Pods-MathGameTests.release.xcconfig */,
				3F48EA33CA4A9595DB321327 /* Pods-MathGameUITests.debug.xcconfig */,
				449C3D0F103A613572EA873E /* Pods-MathGameUITests.release.xcconfig */,
			);
			path = Pods;
			sourceTree = "<group>";
		};
/* End PBXGroup section */

/* Begin PBXNativeTarget section */
		46BF7AFF22E62C1D00FAA757 /* MathGame */ = {
			isa = PBXNativeTarget;
			buildConfigurationList = 46BF7B2B22E62C1D00FAA757 /* Build configuration list for PBXNativeTarget "MathGame" */;
			buildPhases = (
				A95DCBB82431FFA46096FAEB /* [CP] Check Pods Manifest.lock */,
				46BF7AFC22E62C1D00FAA757 /* Sources */,
				46BF7AFD22E62C1D00FAA757 /* Frameworks */,
				46BF7AFE22E62C1D00FAA757 /* Resources */,
				BC8F7B5BE1123E1A72B5A2A1 /* [CP] Embed Pods Frameworks */,
			);
			buildRules = (
			);
			dependencies = (
			);
			name = MathGame;
			productName = MathGame;
			productReference = 46BF7B0022E62C1D00FAA757 /* MathGame.app */;
			productType = "com.apple.product-type.application";
		};
		46BF7B1622E62C1D00FAA757 /* MathGameTests */ = {
			isa = PBXNativeTarget;
			buildConfigurationList = 46BF7B2E22E62C1D00FAA757 /* Build configuration list for PBXNativeTarget "MathGameTests" */;
			buildPhases = (
				AED4FCFC82E175895952B62B /* [CP] Check Pods Manifest.lock */,
				46BF7B1322E62C1D00FAA757 /* Sources */,
				46BF7B1422E62C1D00FAA757 /* Frameworks */,
				46BF7B1522E62C1D00FAA757 /* Resources */,
			);
			buildRules = (
			);
			dependencies = (
				46BF7B1922E62C1D00FAA757 /* PBXTargetDependency */,
			);
			name = MathGameTests;
			productName = MathGameTests;
			productReference = 46BF7B1722E62C1D00FAA757 /* MathGameTests.xctest */;
			productType = "com.apple.product-type.bundle.unit-test";
		};
		46BF7B2122E62C1D00FAA757 /* MathGameUITests */ = {
			isa = PBXNativeTarget;
			buildConfigurationList = 46BF7B3122E62C1D00FAA757 /* Build configuration list for PBXNativeTarget "MathGameUITests" */;
			buildPhases = (
				0725942B9B802313DC715A77 /* [CP] Check Pods Manifest.lock */,
				46BF7B1E22E62C1D00FAA757 /* Sources */,
				46BF7B1F22E62C1D00FAA757 /* Frameworks */,
				46BF7B2022E62C1D00FAA757 /* Resources */,
			);
			buildRules = (
			);
			dependencies = (
				46BF7B2422E62C1D00FAA757 /* PBXTargetDependency */,
			);
			name = MathGameUITests;
			productName = MathGameUITests;
			productReference = 46BF7B2222E62C1D00FAA757 /* MathGameUITests.xctest */;
			productType = "com.apple.product-type.bundle.ui-testing";
		};
/* End PBXNativeTarget section */

/* Begin PBXProject section */
		46BF7AF822E62C1D00FAA757 /* Project object */ = {
			isa = PBXProject;
			attributes = {
				LastSwiftUpdateCheck = 1020;
				LastUpgradeCheck = 1020;
				ORGANIZATIONNAME = codecontrive;
				TargetAttributes = {
					46BF7AFF22E62C1D00FAA757 = {
						CreatedOnToolsVersion = 10.2.1;
					};
					46BF7B1622E62C1D00FAA757 = {
						CreatedOnToolsVersion = 10.2.1;
						TestTargetID = 46BF7AFF22E62C1D00FAA757;
					};
					46BF7B2122E62C1D00FAA757 = {
						CreatedOnToolsVersion = 10.2.1;
						TestTargetID = 46BF7AFF22E62C1D00FAA757;
					};
				};
			};
			buildConfigurationList = 46BF7AFB22E62C1D00FAA757 /* Build configuration list for PBXProject "MathGame" */;
			compatibilityVersion = "Xcode 9.3";
			developmentRegion = en;
			hasScannedForEncodings = 0;
			knownRegions = (
				en,
				Base,
			);
			mainGroup = 46BF7AF722E62C1D00FAA757;
			productRefGroup = 46BF7B0122E62C1D00FAA757 /* Products */;
			projectDirPath = "";
			projectRoot = "";
			targets = (
				46BF7AFF22E62C1D00FAA757 /* MathGame */,
				46BF7B1622E62C1D00FAA757 /* MathGameTests */,
				46BF7B2122E62C1D00FAA757 /* MathGameUITests */,
			);
		};
/* End PBXProject section */

/* Begin PBXResourcesBuildPhase section */
		46BF7AFE22E62C1D00FAA757 /* Resources */ = {
			isa = PBXResourcesBuildPhase;
			buildActionMask = 2147483647;
			files = (
				46EEEE7D22EF6C56006F0AFE /* GameSessionTVC.xib in Resources */,
				46D3A95422F3E2ED00D16E11 /* BasicMathLogo.xib in Resources */,
				4697FC4422EDF831007EBAA6 /* NumberBondsResultTVC.xib in Resources */,
				4697FC3222EDC06C007EBAA6 /* NumberKeyboard.xib in Resources */,
				46517E6A22FD7CB80025D665 /* TimedMultiplyingTVC.xib in Resources */,
				46A5D10922E8DC49008F86C7 /* SettingsTVC.xib in Resources */,
				4697FC1A22EDA28D007EBAA6 /* GameTVC.xib in Resources */,
				4697FC3022EDBD6F007EBAA6 /* TimerView.xib in Resources */,
				46BF7B1122E62C1D00FAA757 /* LaunchScreen.storyboard in Resources */,
				46BF7B0E22E62C1D00FAA757 /* Assets.xcassets in Resources */,
				46BF7B0922E62C1D00FAA757 /* Main.storyboard in Resources */,
				4635276C22E8B1CE00ACFA5A /* StudentCellTVC.xib in Resources */,
				4697FC2022EDAB04007EBAA6 /* SelectModeView.xib in Resources */,
				46D3A95122F2079D00D16E11 /* HalvesResultTVC.xib in Resources */,
			);
			runOnlyForDeploymentPostprocessing = 0;
		};
		46BF7B1522E62C1D00FAA757 /* Resources */ = {
			isa = PBXResourcesBuildPhase;
			buildActionMask = 2147483647;
			files = (
			);
			runOnlyForDeploymentPostprocessing = 0;
		};
		46BF7B2022E62C1D00FAA757 /* Resources */ = {
			isa = PBXResourcesBuildPhase;
			buildActionMask = 2147483647;
			files = (
			);
			runOnlyForDeploymentPostprocessing = 0;
		};
/* End PBXResourcesBuildPhase section */

/* Begin PBXShellScriptBuildPhase section */
		0725942B9B802313DC715A77 /* [CP] Check Pods Manifest.lock */ = {
			isa = PBXShellScriptBuildPhase;
			buildActionMask = 2147483647;
			files = (
			);
			inputFileListPaths = (
			);
			inputPaths = (
				"${PODS_PODFILE_DIR_PATH}/Podfile.lock",
				"${PODS_ROOT}/Manifest.lock",
			);
			name = "[CP] Check Pods Manifest.lock";
			outputFileListPaths = (
			);
			outputPaths = (
				"$(DERIVED_FILE_DIR)/Pods-MathGameUITests-checkManifestLockResult.txt",
			);
			runOnlyForDeploymentPostprocessing = 0;
			shellPath = /bin/sh;
			shellScript = "diff \"${PODS_PODFILE_DIR_PATH}/Podfile.lock\" \"${PODS_ROOT}/Manifest.lock\" > /dev/null\nif [ $? != 0 ] ; then\n    # print error to STDERR\n    echo \"error: The sandbox is not in sync with the Podfile.lock. Run 'pod install' or update your CocoaPods installation.\" >&2\n    exit 1\nfi\n# This output is used by Xcode 'outputs' to avoid re-running this script phase.\necho \"SUCCESS\" > \"${SCRIPT_OUTPUT_FILE_0}\"\n";
			showEnvVarsInLog = 0;
		};
		A95DCBB82431FFA46096FAEB /* [CP] Check Pods Manifest.lock */ = {
			isa = PBXShellScriptBuildPhase;
			buildActionMask = 2147483647;
			files = (
			);
			inputFileListPaths = (
			);
			inputPaths = (
				"${PODS_PODFILE_DIR_PATH}/Podfile.lock",
				"${PODS_ROOT}/Manifest.lock",
			);
			name = "[CP] Check Pods Manifest.lock";
			outputFileListPaths = (
			);
			outputPaths = (
				"$(DERIVED_FILE_DIR)/Pods-MathGame-checkManifestLockResult.txt",
			);
			runOnlyForDeploymentPostprocessing = 0;
			shellPath = /bin/sh;
			shellScript = "diff \"${PODS_PODFILE_DIR_PATH}/Podfile.lock\" \"${PODS_ROOT}/Manifest.lock\" > /dev/null\nif [ $? != 0 ] ; then\n    # print error to STDERR\n    echo \"error: The sandbox is not in sync with the Podfile.lock. Run 'pod install' or update your CocoaPods installation.\" >&2\n    exit 1\nfi\n# This output is used by Xcode 'outputs' to avoid re-running this script phase.\necho \"SUCCESS\" > \"${SCRIPT_OUTPUT_FILE_0}\"\n";
			showEnvVarsInLog = 0;
		};
		AED4FCFC82E175895952B62B /* [CP] Check Pods Manifest.lock */ = {
			isa = PBXShellScriptBuildPhase;
			buildActionMask = 2147483647;
			files = (
			);
			inputFileListPaths = (
			);
			inputPaths = (
				"${PODS_PODFILE_DIR_PATH}/Podfile.lock",
				"${PODS_ROOT}/Manifest.lock",
			);
			name = "[CP] Check Pods Manifest.lock";
			outputFileListPaths = (
			);
			outputPaths = (
				"$(DERIVED_FILE_DIR)/Pods-MathGameTests-checkManifestLockResult.txt",
			);
			runOnlyForDeploymentPostprocessing = 0;
			shellPath = /bin/sh;
			shellScript = "diff \"${PODS_PODFILE_DIR_PATH}/Podfile.lock\" \"${PODS_ROOT}/Manifest.lock\" > /dev/null\nif [ $? != 0 ] ; then\n    # print error to STDERR\n    echo \"error: The sandbox is not in sync with the Podfile.lock. Run 'pod install' or update your CocoaPods installation.\" >&2\n    exit 1\nfi\n# This output is used by Xcode 'outputs' to avoid re-running this script phase.\necho \"SUCCESS\" > \"${SCRIPT_OUTPUT_FILE_0}\"\n";
			showEnvVarsInLog = 0;
		};
		BC8F7B5BE1123E1A72B5A2A1 /* [CP] Embed Pods Frameworks */ = {
			isa = PBXShellScriptBuildPhase;
			buildActionMask = 2147483647;
			files = (
			);
			inputFileListPaths = (
				"${PODS_ROOT}/Target Support Files/Pods-MathGame/Pods-MathGame-frameworks-${CONFIGURATION}-input-files.xcfilelist",
			);
			name = "[CP] Embed Pods Frameworks";
			outputFileListPaths = (
				"${PODS_ROOT}/Target Support Files/Pods-MathGame/Pods-MathGame-frameworks-${CONFIGURATION}-output-files.xcfilelist",
			);
			runOnlyForDeploymentPostprocessing = 0;
			shellPath = /bin/sh;
			shellScript = "\"${PODS_ROOT}/Target Support Files/Pods-MathGame/Pods-MathGame-frameworks.sh\"\n";
			showEnvVarsInLog = 0;
		};
/* End PBXShellScriptBuildPhase section */

/* Begin PBXSourcesBuildPhase section */
		46BF7AFC22E62C1D00FAA757 /* Sources */ = {
			isa = PBXSourcesBuildPhase;
			buildActionMask = 2147483647;
			files = (
				4697FC2E22EDBD14007EBAA6 /* TimerView.swift in Sources */,
				46E3599222F4693E004B378D /* RectangleButton.swift in Sources */,
				46EEEE7C22EF6C56006F0AFE /* GameSessionTVC.swift in Sources */,
				46A5D10222E8DA90008F86C7 /* SettingsVC.swift in Sources */,
				466355E722F1281D0020FDEA /* GenericGameOne.swift in Sources */,
				4697FC2622EDAEEE007EBAA6 /* QuizButton.swift in Sources */,
				4697FC2922EDB7C5007EBAA6 /* NumbersBondVC.swift in Sources */,
				466355EE22F136000020FDEA /* HalvesResultsVM.swift in Sources */,
				466355EC22F132BA0020FDEA /* HalvesResultsVC.swift in Sources */,
				461BB4A722E62F39009EBD61 /* CoreDataHelper.swift in Sources */,
				4697FC3422EDC079007EBAA6 /* NumberKeyboard.swift in Sources */,
				46A8F27F23071A5300473018 /* GameInfoVC.swift in Sources */,
				4697FC3A22EDEE16007EBAA6 /* EnterButton.swift in Sources */,
				46BF7B0622E62C1D00FAA757 /* StudentsVC.swift in Sources */,
				4697FC4322EDF831007EBAA6 /* NumberBondsResultTVC.swift in Sources */,
				461BB4AC22E6367F009EBD61 /* PinCircleView.swift in Sources */,
				461BB4A222E62DA7009EBD61 /* InitialVC.swift in Sources */,
				461BB4A922E633F5009EBD61 /* Storyboard.swift in Sources */,
				4635277022E8B83600ACFA5A /* StudentDetailVM.swift in Sources */,
				4635276422E8AC6100ACFA5A /* RoundedButton.swift in Sources */,
				4635276B22E8B1CE00ACFA5A /* StudentCellTVC.swift in Sources */,
				469189B922E7358B0083B092 /* InitialVM.swift in Sources */,
				4697FC3822EDEDDD007EBAA6 /* DeleteButton.swift in Sources */,
				4697FC1622EDA090007EBAA6 /* GamesVM.swift in Sources */,
				4697FC3E22EDF715007EBAA6 /* NumberBondsResultsVM.swift in Sources */,
				46BF7B0422E62C1D00FAA757 /* AppDelegate.swift in Sources */,
				466355EA22F128F80020FDEA /* HalvesVM.swift in Sources */,
				4635276622E8AEAB00ACFA5A /* StudentsVM.swift in Sources */,
				4697FC1922EDA28D007EBAA6 /* GameTVC.swift in Sources */,
				4697FC3622EDE288007EBAA6 /* NumberButton.swift in Sources */,
				46517E6622FD3D770025D665 /* TimedMultiplying.swift in Sources */,
				46BF7B0C22E62C1D00FAA757 /* MathGame.xcdatamodeld in Sources */,
				461BB4A522E62E76009EBD61 /* AppDaemon.swift in Sources */,
				4697FC1322ED9FB5007EBAA6 /* GamesVC.swift in Sources */,
				46EEEE7922EF6A96006F0AFE /* StudentDataVM.swift in Sources */,
				4635277222E8BA3900ACFA5A /* StudentsNVC.swift in Sources */,
				46A8F28123071B3300473018 /* GameInfoVM.swift in Sources */,
				4630296622E63ADF00FB8C18 /* Constants.swift in Sources */,
				46EEEE7622EF69A5006F0AFE /* StudentDataVC.swift in Sources */,
				4697FC2C22EDB7F1007EBAA6 /* NumbersBondVM.swift in Sources */,
				4697FC2422EDAEE5007EBAA6 /* TrainingButton.swift in Sources */,
				4635276E22E8B81B00ACFA5A /* StudentDetailVC.swift in Sources */,
				46517E6922FD7CB80025D665 /* TimedMultiplyingTVC.swift in Sources */,
				46D3A95622F3E2F600D16E11 /* BasicMathLogo.swift in Sources */,
				46A5D10522E8DB16008F86C7 /* SettingsVM.swift in Sources */,
				46A5D10822E8DC49008F86C7 /* SettingsTVC.swift in Sources */,
				4697FC1C22EDA32B007EBAA6 /* Game.swift in Sources */,
				4697FC1E22EDAA81007EBAA6 /* SelectModeView.swift in Sources */,
				46EEEE7222EF659D006F0AFE /* Date.swift in Sources */,
				46D3A95022F2079D00D16E11 /* HalvesResultTVC.swift in Sources */,
				4697FC2222EDAECF007EBAA6 /* LearningButton.swift in Sources */,
				4697FC3C22EDF60D007EBAA6 /* NumberBondResultsVC.swift in Sources */,
			);
			runOnlyForDeploymentPostprocessing = 0;
		};
		46BF7B1322E62C1D00FAA757 /* Sources */ = {
			isa = PBXSourcesBuildPhase;
			buildActionMask = 2147483647;
			files = (
				46BF7B1C22E62C1D00FAA757 /* MathGameTests.swift in Sources */,
			);
			runOnlyForDeploymentPostprocessing = 0;
		};
		46BF7B1E22E62C1D00FAA757 /* Sources */ = {
			isa = PBXSourcesBuildPhase;
			buildActionMask = 2147483647;
			files = (
				46BF7B2722E62C1D00FAA757 /* MathGameUITests.swift in Sources */,
			);
			runOnlyForDeploymentPostprocessing = 0;
		};
/* End PBXSourcesBuildPhase section */

/* Begin PBXTargetDependency section */
		46BF7B1922E62C1D00FAA757 /* PBXTargetDependency */ = {
			isa = PBXTargetDependency;
			target = 46BF7AFF22E62C1D00FAA757 /* MathGame */;
			targetProxy = 46BF7B1822E62C1D00FAA757 /* PBXContainerItemProxy */;
		};
		46BF7B2422E62C1D00FAA757 /* PBXTargetDependency */ = {
			isa = PBXTargetDependency;
			target = 46BF7AFF22E62C1D00FAA757 /* MathGame */;
			targetProxy = 46BF7B2322E62C1D00FAA757 /* PBXContainerItemProxy */;
		};
/* End PBXTargetDependency section */

/* Begin PBXVariantGroup section */
		46BF7B0722E62C1D00FAA757 /* Main.storyboard */ = {
			isa = PBXVariantGroup;
			children = (
				46BF7B0822E62C1D00FAA757 /* Base */,
			);
			name = Main.storyboard;
			sourceTree = "<group>";
		};
		46BF7B0F22E62C1D00FAA757 /* LaunchScreen.storyboard */ = {
			isa = PBXVariantGroup;
			children = (
				46BF7B1022E62C1D00FAA757 /* Base */,
			);
			name = LaunchScreen.storyboard;
			sourceTree = "<group>";
		};
/* End PBXVariantGroup section */

/* Begin XCBuildConfiguration section */
		46BF7B2922E62C1D00FAA757 /* Debug */ = {
			isa = XCBuildConfiguration;
			buildSettings = {
				ALWAYS_SEARCH_USER_PATHS = NO;
				CLANG_ANALYZER_NONNULL = YES;
				CLANG_ANALYZER_NUMBER_OBJECT_CONVERSION = YES_AGGRESSIVE;
				CLANG_CXX_LANGUAGE_STANDARD = "gnu++14";
				CLANG_CXX_LIBRARY = "libc++";
				CLANG_ENABLE_MODULES = YES;
				CLANG_ENABLE_OBJC_ARC = YES;
				CLANG_ENABLE_OBJC_WEAK = YES;
				CLANG_WARN_BLOCK_CAPTURE_AUTORELEASING = YES;
				CLANG_WARN_BOOL_CONVERSION = YES;
				CLANG_WARN_COMMA = YES;
				CLANG_WARN_CONSTANT_CONVERSION = YES;
				CLANG_WARN_DEPRECATED_OBJC_IMPLEMENTATIONS = YES;
				CLANG_WARN_DIRECT_OBJC_ISA_USAGE = YES_ERROR;
				CLANG_WARN_DOCUMENTATION_COMMENTS = YES;
				CLANG_WARN_EMPTY_BODY = YES;
				CLANG_WARN_ENUM_CONVERSION = YES;
				CLANG_WARN_INFINITE_RECURSION = YES;
				CLANG_WARN_INT_CONVERSION = YES;
				CLANG_WARN_NON_LITERAL_NULL_CONVERSION = YES;
				CLANG_WARN_OBJC_IMPLICIT_RETAIN_SELF = YES;
				CLANG_WARN_OBJC_LITERAL_CONVERSION = YES;
				CLANG_WARN_OBJC_ROOT_CLASS = YES_ERROR;
				CLANG_WARN_RANGE_LOOP_ANALYSIS = YES;
				CLANG_WARN_STRICT_PROTOTYPES = YES;
				CLANG_WARN_SUSPICIOUS_MOVE = YES;
				CLANG_WARN_UNGUARDED_AVAILABILITY = YES_AGGRESSIVE;
				CLANG_WARN_UNREACHABLE_CODE = YES;
				CLANG_WARN__DUPLICATE_METHOD_MATCH = YES;
				CODE_SIGN_IDENTITY = "iPhone Developer";
				COPY_PHASE_STRIP = NO;
				DEBUG_INFORMATION_FORMAT = dwarf;
				ENABLE_STRICT_OBJC_MSGSEND = YES;
				ENABLE_TESTABILITY = YES;
				GCC_C_LANGUAGE_STANDARD = gnu11;
				GCC_DYNAMIC_NO_PIC = NO;
				GCC_NO_COMMON_BLOCKS = YES;
				GCC_OPTIMIZATION_LEVEL = 0;
				GCC_PREPROCESSOR_DEFINITIONS = (
					"DEBUG=1",
					"$(inherited)",
				);
				GCC_WARN_64_TO_32_BIT_CONVERSION = YES;
				GCC_WARN_ABOUT_RETURN_TYPE = YES_ERROR;
				GCC_WARN_UNDECLARED_SELECTOR = YES;
				GCC_WARN_UNINITIALIZED_AUTOS = YES_AGGRESSIVE;
				GCC_WARN_UNUSED_FUNCTION = YES;
				GCC_WARN_UNUSED_VARIABLE = YES;
				IPHONEOS_DEPLOYMENT_TARGET = 12.2;
				MTL_ENABLE_DEBUG_INFO = INCLUDE_SOURCE;
				MTL_FAST_MATH = YES;
				ONLY_ACTIVE_ARCH = YES;
				SDKROOT = iphoneos;
				SWIFT_ACTIVE_COMPILATION_CONDITIONS = DEBUG;
				SWIFT_OPTIMIZATION_LEVEL = "-Onone";
			};
			name = Debug;
		};
		46BF7B2A22E62C1D00FAA757 /* Release */ = {
			isa = XCBuildConfiguration;
			buildSettings = {
				ALWAYS_SEARCH_USER_PATHS = NO;
				CLANG_ANALYZER_NONNULL = YES;
				CLANG_ANALYZER_NUMBER_OBJECT_CONVERSION = YES_AGGRESSIVE;
				CLANG_CXX_LANGUAGE_STANDARD = "gnu++14";
				CLANG_CXX_LIBRARY = "libc++";
				CLANG_ENABLE_MODULES = YES;
				CLANG_ENABLE_OBJC_ARC = YES;
				CLANG_ENABLE_OBJC_WEAK = YES;
				CLANG_WARN_BLOCK_CAPTURE_AUTORELEASING = YES;
				CLANG_WARN_BOOL_CONVERSION = YES;
				CLANG_WARN_COMMA = YES;
				CLANG_WARN_CONSTANT_CONVERSION = YES;
				CLANG_WARN_DEPRECATED_OBJC_IMPLEMENTATIONS = YES;
				CLANG_WARN_DIRECT_OBJC_ISA_USAGE = YES_ERROR;
				CLANG_WARN_DOCUMENTATION_COMMENTS = YES;
				CLANG_WARN_EMPTY_BODY = YES;
				CLANG_WARN_ENUM_CONVERSION = YES;
				CLANG_WARN_INFINITE_RECURSION = YES;
				CLANG_WARN_INT_CONVERSION = YES;
				CLANG_WARN_NON_LITERAL_NULL_CONVERSION = YES;
				CLANG_WARN_OBJC_IMPLICIT_RETAIN_SELF = YES;
				CLANG_WARN_OBJC_LITERAL_CONVERSION = YES;
				CLANG_WARN_OBJC_ROOT_CLASS = YES_ERROR;
				CLANG_WARN_RANGE_LOOP_ANALYSIS = YES;
				CLANG_WARN_STRICT_PROTOTYPES = YES;
				CLANG_WARN_SUSPICIOUS_MOVE = YES;
				CLANG_WARN_UNGUARDED_AVAILABILITY = YES_AGGRESSIVE;
				CLANG_WARN_UNREACHABLE_CODE = YES;
				CLANG_WARN__DUPLICATE_METHOD_MATCH = YES;
				CODE_SIGN_IDENTITY = "iPhone Developer";
				COPY_PHASE_STRIP = NO;
				DEBUG_INFORMATION_FORMAT = "dwarf-with-dsym";
				ENABLE_NS_ASSERTIONS = NO;
				ENABLE_STRICT_OBJC_MSGSEND = YES;
				GCC_C_LANGUAGE_STANDARD = gnu11;
				GCC_NO_COMMON_BLOCKS = YES;
				GCC_WARN_64_TO_32_BIT_CONVERSION = YES;
				GCC_WARN_ABOUT_RETURN_TYPE = YES_ERROR;
				GCC_WARN_UNDECLARED_SELECTOR = YES;
				GCC_WARN_UNINITIALIZED_AUTOS = YES_AGGRESSIVE;
				GCC_WARN_UNUSED_FUNCTION = YES;
				GCC_WARN_UNUSED_VARIABLE = YES;
				IPHONEOS_DEPLOYMENT_TARGET = 12.2;
				MTL_ENABLE_DEBUG_INFO = NO;
				MTL_FAST_MATH = YES;
				SDKROOT = iphoneos;
				SWIFT_COMPILATION_MODE = wholemodule;
				SWIFT_OPTIMIZATION_LEVEL = "-O";
				VALIDATE_PRODUCT = YES;
			};
			name = Release;
		};
		46BF7B2C22E62C1D00FAA757 /* Debug */ = {
			isa = XCBuildConfiguration;
			baseConfigurationReference = 6CB835ACC583769AD1E77E16 /* Pods-MathGame.debug.xcconfig */;
			buildSettings = {
				ASSETCATALOG_COMPILER_APPICON_NAME = AppIcon;
				CODE_SIGN_STYLE = Automatic;
				DEVELOPMENT_TEAM = P6RM922458;
				INFOPLIST_FILE = MathGame/Info.plist;
				LD_RUNPATH_SEARCH_PATHS = (
					"$(inherited)",
					"@executable_path/Frameworks",
				);
				PRODUCT_BUNDLE_IDENTIFIER = com.marandataune.MathGame;
				PRODUCT_NAME = "$(TARGET_NAME)";
				SWIFT_VERSION = 5.0;
				TARGETED_DEVICE_FAMILY = "1,2";
			};
			name = Debug;
		};
		46BF7B2D22E62C1D00FAA757 /* Release */ = {
			isa = XCBuildConfiguration;
			baseConfigurationReference = 012A366F83B695DB5DAB10A1 /* Pods-MathGame.release.xcconfig */;
			buildSettings = {
				ASSETCATALOG_COMPILER_APPICON_NAME = AppIcon;
				CODE_SIGN_STYLE = Automatic;
				DEVELOPMENT_TEAM = P6RM922458;
				INFOPLIST_FILE = MathGame/Info.plist;
				LD_RUNPATH_SEARCH_PATHS = (
					"$(inherited)",
					"@executable_path/Frameworks",
				);
				PRODUCT_BUNDLE_IDENTIFIER = com.marandataune.MathGame;
				PRODUCT_NAME = "$(TARGET_NAME)";
				SWIFT_VERSION = 5.0;
				TARGETED_DEVICE_FAMILY = "1,2";
			};
			name = Release;
		};
		46BF7B2F22E62C1D00FAA757 /* Debug */ = {
			isa = XCBuildConfiguration;
			baseConfigurationReference = 1B6990978D92436FAC63C318 /* Pods-MathGameTests.debug.xcconfig */;
			buildSettings = {
				ALWAYS_EMBED_SWIFT_STANDARD_LIBRARIES = YES;
				BUNDLE_LOADER = "$(TEST_HOST)";
				CODE_SIGN_STYLE = Automatic;
				DEVELOPMENT_TEAM = FZSAPS42SZ;
				INFOPLIST_FILE = MathGameTests/Info.plist;
				LD_RUNPATH_SEARCH_PATHS = (
					"$(inherited)",
					"@executable_path/Frameworks",
					"@loader_path/Frameworks",
				);
				PRODUCT_BUNDLE_IDENTIFIER = com.codecontrive.MathGameTests;
				PRODUCT_NAME = "$(TARGET_NAME)";
				SWIFT_VERSION = 5.0;
				TARGETED_DEVICE_FAMILY = "1,2";
				TEST_HOST = "$(BUILT_PRODUCTS_DIR)/MathGame.app/MathGame";
			};
			name = Debug;
		};
		46BF7B3022E62C1D00FAA757 /* Release */ = {
			isa = XCBuildConfiguration;
			baseConfigurationReference = D091CA94C7C55D1641C9791F /* Pods-MathGameTests.release.xcconfig */;
			buildSettings = {
				ALWAYS_EMBED_SWIFT_STANDARD_LIBRARIES = YES;
				BUNDLE_LOADER = "$(TEST_HOST)";
				CODE_SIGN_STYLE = Automatic;
				DEVELOPMENT_TEAM = FZSAPS42SZ;
				INFOPLIST_FILE = MathGameTests/Info.plist;
				LD_RUNPATH_SEARCH_PATHS = (
					"$(inherited)",
					"@executable_path/Frameworks",
					"@loader_path/Frameworks",
				);
				PRODUCT_BUNDLE_IDENTIFIER = com.codecontrive.MathGameTests;
				PRODUCT_NAME = "$(TARGET_NAME)";
				SWIFT_VERSION = 5.0;
				TARGETED_DEVICE_FAMILY = "1,2";
				TEST_HOST = "$(BUILT_PRODUCTS_DIR)/MathGame.app/MathGame";
			};
			name = Release;
		};
		46BF7B3222E62C1D00FAA757 /* Debug */ = {
			isa = XCBuildConfiguration;
			baseConfigurationReference = 3F48EA33CA4A9595DB321327 /* Pods-MathGameUITests.debug.xcconfig */;
			buildSettings = {
				ALWAYS_EMBED_SWIFT_STANDARD_LIBRARIES = YES;
				CODE_SIGN_STYLE = Automatic;
				DEVELOPMENT_TEAM = FZSAPS42SZ;
				INFOPLIST_FILE = MathGameUITests/Info.plist;
				LD_RUNPATH_SEARCH_PATHS = (
					"$(inherited)",
					"@executable_path/Frameworks",
					"@loader_path/Frameworks",
				);
				PRODUCT_BUNDLE_IDENTIFIER = com.codecontrive.MathGameUITests;
				PRODUCT_NAME = "$(TARGET_NAME)";
				SWIFT_VERSION = 5.0;
				TARGETED_DEVICE_FAMILY = "1,2";
				TEST_TARGET_NAME = MathGame;
			};
			name = Debug;
		};
		46BF7B3322E62C1D00FAA757 /* Release */ = {
			isa = XCBuildConfiguration;
			baseConfigurationReference = 449C3D0F103A613572EA873E /* Pods-MathGameUITests.release.xcconfig */;
			buildSettings = {
				ALWAYS_EMBED_SWIFT_STANDARD_LIBRARIES = YES;
				CODE_SIGN_STYLE = Automatic;
				DEVELOPMENT_TEAM = FZSAPS42SZ;
				INFOPLIST_FILE = MathGameUITests/Info.plist;
				LD_RUNPATH_SEARCH_PATHS = (
					"$(inherited)",
					"@executable_path/Frameworks",
					"@loader_path/Frameworks",
				);
				PRODUCT_BUNDLE_IDENTIFIER = com.codecontrive.MathGameUITests;
				PRODUCT_NAME = "$(TARGET_NAME)";
				SWIFT_VERSION = 5.0;
				TARGETED_DEVICE_FAMILY = "1,2";
				TEST_TARGET_NAME = MathGame;
			};
			name = Release;
		};
/* End XCBuildConfiguration section */

/* Begin XCConfigurationList section */
		46BF7AFB22E62C1D00FAA757 /* Build configuration list for PBXProject "MathGame" */ = {
			isa = XCConfigurationList;
			buildConfigurations = (
				46BF7B2922E62C1D00FAA757 /* Debug */,
				46BF7B2A22E62C1D00FAA757 /* Release */,
			);
			defaultConfigurationIsVisible = 0;
			defaultConfigurationName = Release;
		};
		46BF7B2B22E62C1D00FAA757 /* Build configuration list for PBXNativeTarget "MathGame" */ = {
			isa = XCConfigurationList;
			buildConfigurations = (
				46BF7B2C22E62C1D00FAA757 /* Debug */,
				46BF7B2D22E62C1D00FAA757 /* Release */,
			);
			defaultConfigurationIsVisible = 0;
			defaultConfigurationName = Release;
		};
		46BF7B2E22E62C1D00FAA757 /* Build configuration list for PBXNativeTarget "MathGameTests" */ = {
			isa = XCConfigurationList;
			buildConfigurations = (
				46BF7B2F22E62C1D00FAA757 /* Debug */,
				46BF7B3022E62C1D00FAA757 /* Release */,
			);
			defaultConfigurationIsVisible = 0;
			defaultConfigurationName = Release;
		};
		46BF7B3122E62C1D00FAA757 /* Build configuration list for PBXNativeTarget "MathGameUITests" */ = {
			isa = XCConfigurationList;
			buildConfigurations = (
				46BF7B3222E62C1D00FAA757 /* Debug */,
				46BF7B3322E62C1D00FAA757 /* Release */,
			);
			defaultConfigurationIsVisible = 0;
			defaultConfigurationName = Release;
		};
/* End XCConfigurationList section */

/* Begin XCVersionGroup section */
		46BF7B0A22E62C1D00FAA757 /* MathGame.xcdatamodeld */ = {
			isa = XCVersionGroup;
			children = (
				46BF7B0B22E62C1D00FAA757 /* MathGame.xcdatamodel */,
			);
			currentVersion = 46BF7B0B22E62C1D00FAA757 /* MathGame.xcdatamodel */;
			path = MathGame.xcdatamodeld;
			sourceTree = "<group>";
			versionGroupType = wrapper.xcdatamodel;
		};
/* End XCVersionGroup section */
	};
	rootObject = 46BF7AF822E62C1D00FAA757 /* Project object */;
}
